
Microsoft Visual Studio Solution File, Format Version 12.00
# Visual Studio Version 17
VisualStudioVersion = 17.0.32126.317
MinimumVisualStudioVersion = 10.0.40219.1
Project("{FAE04EC0-301F-11D3-BF4B-00C04F79EFBC}") = "barkodolustur", "barkodolustur\barkodolustur.csproj", "{F46F2EE8-BF00-43C6-A189-E694A980885C}"
EndProject
Global
	GlobalSection(SolutionConfigurationPlatforms) = preSolution
		Debug|Any CPU = Debug|Any CPU
		Release|Any CPU = Release|Any CPU
	EndGlobalSection
	GlobalSection(ProjectConfigurationPlatforms) = postSolution
		{F46F2EE8-BF00-43C6-A189-E694A980885C}.Debug|Any CPU.ActiveCfg = Debug|Any CPU
		{F46F2EE8-BF00-43C6-A189-E694A980885C}.Debug|Any CPU.Build.0 = Debug|Any CPU
		{F46F2EE8-BF00-43C6-A189-E694A980885C}.Release|Any CPU.ActiveCfg = Release|Any CPU
		{F46F2EE8-BF00-43C6-A189-E694A980885C}.Release|Any CPU.Build.0 = Release|Any CPU
	EndGlobalSection
	GlobalSection(SolutionProperties) = preSolution
		HideSolutionNode = FALSE
	EndGlobalSection
	GlobalSection(ExtensibilityGlobals) = postSolution
		SolutionGuid = {D20DB1E4-8B81-4D0C-A61F-6E994DCFA5A6}
	EndGlobalSection
EndGlobal
